
Microsoft Visual Studio Solution File, Format Version 12.00
# Visual Studio Version 17
VisualStudioVersion = 17.3.32929.385
MinimumVisualStudioVersion = 10.0.40219.1
Project("{FAE04EC0-301F-11D3-BF4B-00C04F79EFBC}") = "WebAPIFC", "WebAPIFC\WebAPIFC.csproj", "{22A65D7D-86BD-4200-A3CD-D37101FBC3A6}"
EndProject
Global
	GlobalSection(SolutionConfigurationPlatforms) = preSolution
		Debug|Any CPU = Debug|Any CPU
		Release|Any CPU = Release|Any CPU
	EndGlobalSection
	GlobalSection(ProjectConfigurationPlatforms) = postSolution
		{22A65D7D-86BD-4200-A3CD-D37101FBC3A6}.Debug|Any CPU.ActiveCfg = Debug|Any CPU
		{22A65D7D-86BD-4200-A3CD-D37101FBC3A6}.Debug|Any CPU.Build.0 = Debug|Any CPU
		{22A65D7D-86BD-4200-A3CD-D37101FBC3A6}.Release|Any CPU.ActiveCfg = Release|Any CPU
		{22A65D7D-86BD-4200-A3CD-D37101FBC3A6}.Release|Any CPU.Build.0 = Release|Any CPU
	EndGlobalSection
	GlobalSection(SolutionProperties) = preSolution
		HideSolutionNode = FALSE
	EndGlobalSection
	GlobalSection(ExtensibilityGlobals) = postSolution
		SolutionGuid = {1BE02652-9B29-4F74-BDC2-97C3FCDD74BA}
	EndGlobalSection
EndGlobal
